
Microsoft Visual Studio Solution File, Format Version 12.00
# Visual Studio Version 17
VisualStudioVersion = 17.9.34728.123
MinimumVisualStudioVersion = 10.0.40219.1
Project("{FAE04EC0-301F-11D3-BF4B-00C04F79EFBC}") = "Tennis", "Tennis.csproj", "{8228087F-0870-47E7-90F4-B29DBB1DF633}"
EndProject
Global
	GlobalSection(SolutionConfigurationPlatforms) = preSolution
		Debug|Any CPU = Debug|Any CPU
		Release|Any CPU = Release|Any CPU
	EndGlobalSection
	GlobalSection(ProjectConfigurationPlatforms) = postSolution
		{8228087F-0870-47E7-90F4-B29DBB1DF633}.Debug|Any CPU.ActiveCfg = Debug|Any CPU
		{8228087F-0870-47E7-90F4-B29DBB1DF633}.Debug|Any CPU.Build.0 = Debug|Any CPU
		{8228087F-0870-47E7-90F4-B29DBB1DF633}.Release|Any CPU.ActiveCfg = Release|Any CPU
		{8228087F-0870-47E7-90F4-B29DBB1DF633}.Release|Any CPU.Build.0 = Release|Any CPU
	EndGlobalSection
	GlobalSection(SolutionProperties) = preSolution
		HideSolutionNode = FALSE
	EndGlobalSection
	GlobalSection(ExtensibilityGlobals) = postSolution
		SolutionGuid = {578B7C30-4DBB-4E3E-B547-729BF6B15A78}
	EndGlobalSection
EndGlobal
